
Microsoft Visual Studio Solution File, Format Version 12.00
# Visual Studio Version 17
VisualStudioVersion = 17.14.36511.14 d17.14
MinimumVisualStudioVersion = 10.0.40219.1
Project("{FAE04EC0-301F-11D3-BF4B-00C04F79EFBC}") = "lastversionoop", "lastversionoop\lastversionoop.csproj", "{94255BF7-441F-42A0-84D4-D9115F8BD03C}"
EndProject
Global
	GlobalSection(SolutionConfigurationPlatforms) = preSolution
		Debug|Any CPU = Debug|Any CPU
		Release|Any CPU = Release|Any CPU
	EndGlobalSection
	GlobalSection(ProjectConfigurationPlatforms) = postSolution
		{94255BF7-441F-42A0-84D4-D9115F8BD03C}.Debug|Any CPU.ActiveCfg = Debug|Any CPU
		{94255BF7-441F-42A0-84D4-D9115F8BD03C}.Debug|Any CPU.Build.0 = Debug|Any CPU
		{94255BF7-441F-42A0-84D4-D9115F8BD03C}.Release|Any CPU.ActiveCfg = Release|Any CPU
		{94255BF7-441F-42A0-84D4-D9115F8BD03C}.Release|Any CPU.Build.0 = Release|Any CPU
	EndGlobalSection
	GlobalSection(SolutionProperties) = preSolution
		HideSolutionNode = FALSE
	EndGlobalSection
	GlobalSection(ExtensibilityGlobals) = postSolution
		SolutionGuid = {85999521-9DD9-4DFA-AD53-474D6D4D400A}
	EndGlobalSection
EndGlobal
